
Microsoft Visual Studio Solution File, Format Version 12.00
# Visual Studio Version 17
VisualStudioVersion = 17.2.32519.379
MinimumVisualStudioVersion = 10.0.40219.1
Project("{FAE04EC0-301F-11D3-BF4B-00C04F79EFBC}") = "Tic Tac Toe", "Tic Tac Toe\Tic Tac Toe.csproj", "{43EA6035-9AC6-4B1D-BCA7-74FE8AD3B7CE}"
EndProject
Global
	GlobalSection(SolutionConfigurationPlatforms) = preSolution
		Debug|Any CPU = Debug|Any CPU
		Release|Any CPU = Release|Any CPU
	EndGlobalSection
	GlobalSection(ProjectConfigurationPlatforms) = postSolution
		{43EA6035-9AC6-4B1D-BCA7-74FE8AD3B7CE}.Debug|Any CPU.ActiveCfg = Debug|Any CPU
		{43EA6035-9AC6-4B1D-BCA7-74FE8AD3B7CE}.Debug|Any CPU.Build.0 = Debug|Any CPU
		{43EA6035-9AC6-4B1D-BCA7-74FE8AD3B7CE}.Release|Any CPU.ActiveCfg = Release|Any CPU
		{43EA6035-9AC6-4B1D-BCA7-74FE8AD3B7CE}.Release|Any CPU.Build.0 = Release|Any CPU
	EndGlobalSection
	GlobalSection(SolutionProperties) = preSolution
		HideSolutionNode = FALSE
	EndGlobalSection
	GlobalSection(ExtensibilityGlobals) = postSolution
		SolutionGuid = {F187D89E-1762-4BAF-9F2B-0A497ABD9E8E}
	EndGlobalSection
EndGlobal
